// !$*UTF8*$!
{
	archiveVersion = 1;
	classes = {
	};
	objectVersion = 50;
	objects = {

/* Begin PBXBuildFile section */
		76920A1B2242660000C866CB /* AppDelegate.swift in Sources */ = {isa = PBXBuildFile; fileRef = 76920A1A2242660000C866CB /* AppDelegate.swift */; };
		76920A1D2242660000C866CB /* AllDebtsViewController.swift in Sources */ = {isa = PBXBuildFile; fileRef = 76920A1C2242660000C866CB /* AllDebtsViewController.swift */; };
		76920A202242660000C866CB /* Main.storyboard in Resources */ = {isa = PBXBuildFile; fileRef = 76920A1E2242660000C866CB /* Main.storyboard */; };
		76920A232242660000C866CB /* MyDebts.xcdatamodeld in Sources */ = {isa = PBXBuildFile; fileRef = 76920A212242660000C866CB /* MyDebts.xcdatamodeld */; };
		76920A252242660100C866CB /* Assets.xcassets in Resources */ = {isa = PBXBuildFile; fileRef = 76920A242242660100C866CB /* Assets.xcassets */; };
		76920A282242660100C866CB /* LaunchScreen.storyboard in Resources */ = {isa = PBXBuildFile; fileRef = 76920A262242660100C866CB /* LaunchScreen.storyboard */; };
/* End PBXBuildFile section */

/* Begin PBXFileReference section */
		76920A172242660000C866CB /* MyDebts.app */ = {isa = PBXFileReference; explicitFileType = wrapper.application; includeInIndex = 0; path = MyDebts.app; sourceTree = BUILT_PRODUCTS_DIR; };
		76920A1A2242660000C866CB /* AppDelegate.swift */ = {isa = PBXFileReference; lastKnownFileType = sourcecode.swift; path = AppDelegate.swift; sourceTree = "<group>"; };
		76920A1C2242660000C866CB /* AllDebtsViewController.swift */ = {isa = PBXFileReference; lastKnownFileType = sourcecode.swift; path = AllDebtsViewController.swift; sourceTree = "<group>"; };
		76920A1F2242660000C866CB /* Base */ = {isa = PBXFileReference; lastKnownFileType = file.storyboard; name = Base; path = Base.lproj/Main.storyboard; sourceTree = "<group>"; };
		76920A222242660000C866CB /* MyDebts.xcdatamodel */ = {isa = PBXFileReference; lastKnownFileType = wrapper.xcdatamodel; path = MyDebts.xcdatamodel; sourceTree = "<group>"; };
		76920A242242660100C866CB /* Assets.xcassets */ = {isa = PBXFileReference; lastKnownFileType = folder.assetcatalog; path = Assets.xcassets; sourceTree = "<group>"; };
		76920A272242660100C866CB /* Base */ = {isa = PBXFileReference; lastKnownFileType = file.storyboard; name = Base; path = Base.lproj/LaunchScreen.storyboard; sourceTree = "<group>"; };
		76920A292242660100C866CB /* Info.plist */ = {isa = PBXFileReference; lastKnownFileType = text.plist.xml; path = Info.plist; sourceTree = "<group>"; };
/* End PBXFileReference section */

/* Begin PBXFrameworksBuildPhase section */
		76920A142242660000C866CB /* Frameworks */ = {
			isa = PBXFrameworksBuildPhase;
			buildActionMask = 2147483647;
			files = (
			);
			runOnlyForDeploymentPostprocessing = 0;
		};
/* End PBXFrameworksBuildPhase section */

/* Begin PBXGroup section */
		76920A0E2242660000C866CB = {
			isa = PBXGroup;
			children = (
				76920A192242660000C866CB /* MyDebts */,
				76920A182242660000C866CB /* Products */,
			);
			sourceTree = "<group>";
		};
		76920A182242660000C866CB /* Products */ = {
			isa = PBXGroup;
			children = (
				76920A172242660000C866CB /* MyDebts.app */,
			);
			name = Products;
			sourceTree = "<group>";
		};
		76920A192242660000C866CB /* MyDebts */ = {
			isa = PBXGroup;
			children = (
				76920A1A2242660000C866CB /* AppDelegate.swift */,
				76920A1C2242660000C866CB /* AllDebtsViewController.swift */,
				76920A1E2242660000C866CB /* Main.storyboard */,
				76920A242242660100C866CB /* Assets.xcassets */,
				76920A262242660100C866CB /* LaunchScreen.storyboard */,
				76920A292242660100C866CB /* Info.plist */,
				76920A212242660000C866CB /* MyDebts.xcdatamodeld */,
			);
			path = MyDebts;
			sourceTree = "<group>";
		};
/* End PBXGroup section */

/* Begin PBXNativeTarget section */
		76920A162242660000C866CB /* MyDebts */ = {
			isa = PBXNativeTarget;
			buildConfigurationList = 76920A2C2242660100C866CB /* Build configuration list for PBXNativeTarget "MyDebts" */;
			buildPhases = (
				76920A132242660000C866CB /* Sources */,
				76920A142242660000C866CB /* Frameworks */,
				76920A152242660000C866CB /* Resources */,
			);
			buildRules = (
			);
			dependencies = (
			);
			name = MyDebts;
			productName = MyDebts;
			productReference = 76920A172242660000C866CB /* MyDebts.app */;
			productType = "com.apple.product-type.application";
		};
/* End PBXNativeTarget section */

/* Begin PBXProject section */
		76920A0F2242660000C866CB /* Project object */ = {
			isa = PBXProject;
			attributes = {
				LastSwiftUpdateCheck = 1010;
				LastUpgradeCheck = 1010;
				ORGANIZATIONNAME = Taras;
				TargetAttributes = {
					76920A162242660000C866CB = {
						CreatedOnToolsVersion = 10.1;
					};
				};
			};
			buildConfigurationList = 76920A122242660000C866CB /* Build configuration list for PBXProject "MyDebts" */;
			compatibilityVersion = "Xcode 9.3";
			developmentRegion = en;
			hasScannedForEncodings = 0;
			knownRegions = (
				en,
				Base,
			);
			mainGroup = 76920A0E2242660000C866CB;
			productRefGroup = 76920A182242660000C866CB /* Products */;
			projectDirPath = "";
			projectRoot = "";
			targets = (
				76920A162242660000C866CB /* MyDebts */,
			);
		};
/* End PBXProject section */

/* Begin PBXResourcesBuildPhase section */
		76920A152242660000C866CB /* Resources */ = {
			isa = PBXResourcesBuildPhase;
			buildActionMask = 2147483647;
			files = (
				76920A282242660100C866CB /* LaunchScreen.storyboard in Resources */,
				76920A252242660100C866CB /* Assets.xcassets in Resources */,
				76920A202242660000C866CB /* Main.storyboard in Resources */,
			);
			runOnlyForDeploymentPostprocessing = 0;
		};
/* End PBXResourcesBuildPhase section */

/* Begin PBXSourcesBuildPhase section */
		76920A132242660000C866CB /* Sources */ = {
			isa = PBXSourcesBuildPhase;
			buildActionMask = 2147483647;
			files = (
				76920A232242660000C866CB /* MyDebts.xcdatamodeld in Sources */,
				76920A1D2242660000C866CB /* AllDebtsViewController.swift in Sources */,
				76920A1B2242660000C866CB /* AppDelegate.swift in Sources */,
			);
			runOnlyForDeploymentPostprocessing = 0;
		};
/* End PBXSourcesBuildPhase section */

/* Begin PBXVariantGroup section */
		76920A1E2242660000C866CB /* Main.storyboard */ = {
			isa = PBXVariantGroup;
			children = (
				76920A1F2242660000C866CB /* Base */,
			);
			name = Main.storyboard;
			sourceTree = "<group>";
		};
		76920A262242660100C866CB /* LaunchScreen.storyboard */ = {
			isa = PBXVariantGroup;
			children = (
				76920A272242660100C866CB /* Base */,
			);
			name = LaunchScreen.storyboard;
			sourceTree = "<group>";
		};
/* End PBXVariantGroup section */

/* Begin XCBuildConfiguration section */
		76920A2A2242660100C866CB /* Debug */ = {
			isa = XCBuildConfiguration;
			buildSettings = {
				ALWAYS_SEARCH_USER_PATHS = NO;
				CLANG_ANALYZER_NONNULL = YES;
				CLANG_ANALYZER_NUMBER_OBJECT_CONVERSION = YES_AGGRESSIVE;
				CLANG_CXX_LANGUAGE_STANDARD = "gnu++14";
				CLANG_CXX_LIBRARY = "libc++";
				CLANG_ENABLE_MODULES = YES;
				CLANG_ENABLE_OBJC_ARC = YES;
				CLANG_ENABLE_OBJC_WEAK = YES;
				CLANG_WARN_BLOCK_CAPTURE_AUTORELEASING = YES;
				CLANG_WARN_BOOL_CONVERSION = YES;
				CLANG_WARN_COMMA = YES;
				CLANG_WARN_CONSTANT_CONVERSION = YES;
				CLANG_WARN_DEPRECATED_OBJC_IMPLEMENTATIONS = YES;
				CLANG_WARN_DIRECT_OBJC_ISA_USAGE = YES_ERROR;
				CLANG_WARN_DOCUMENTATION_COMMENTS = YES;
				CLANG_WARN_EMPTY_BODY = YES;
				CLANG_WARN_ENUM_CONVERSION = YES;
				CLANG_WARN_INFINITE_RECURSION = YES;
				CLANG_WARN_INT_CONVERSION = YES;
				CLANG_WARN_NON_LITERAL_NULL_CONVERSION = YES;
				CLANG_WARN_OBJC_IMPLICIT_RETAIN_SELF = YES;
				CLANG_WARN_OBJC_LITERAL_CONVERSION = YES;
				CLANG_WARN_OBJC_ROOT_CLASS = YES_ERROR;
				CLANG_WARN_RANGE_LOOP_ANALYSIS = YES;
				CLANG_WARN_STRICT_PROTOTYPES = YES;
				CLANG_WARN_SUSPICIOUS_MOVE = YES;
				CLANG_WARN_UNGUARDED_AVAILABILITY = YES_AGGRESSIVE;
				CLANG_WARN_UNREACHABLE_CODE = YES;
				CLANG_WARN__DUPLICATE_METHOD_MATCH = YES;
				CODE_SIGN_IDENTITY = "iPhone Developer";
				COPY_PHASE_STRIP = NO;
				DEBUG_INFORMATION_FORMAT = dwarf;
				ENABLE_STRICT_OBJC_MSGSEND = YES;
				ENABLE_TESTABILITY = YES;
				GCC_C_LANGUAGE_STANDARD = gnu11;
				GCC_DYNAMIC_NO_PIC = NO;
				GCC_NO_COMMON_BLOCKS = YES;
				GCC_OPTIMIZATION_LEVEL = 0;
				GCC_PREPROCESSOR_DEFINITIONS = (
					"DEBUG=1",
					"$(inherited)",
				);
				GCC_WARN_64_TO_32_BIT_CONVERSION = YES;
				GCC_WARN_ABOUT_RETURN_TYPE = YES_ERROR;
				GCC_WARN_UNDECLARED_SELECTOR = YES;
				GCC_WARN_UNINITIALIZED_AUTOS = YES_AGGRESSIVE;
				GCC_WARN_UNUSED_FUNCTION = YES;
				GCC_WARN_UNUSED_VARIABLE = YES;
				IPHONEOS_DEPLOYMENT_TARGET = 12.1;
				MTL_ENABLE_DEBUG_INFO = INCLUDE_SOURCE;
				MTL_FAST_MATH = YES;
				ONLY_ACTIVE_ARCH = YES;
				SDKROOT = iphoneos;
				SWIFT_ACTIVE_COMPILATION_CONDITIONS = DEBUG;
				SWIFT_OPTIMIZATION_LEVEL = "-Onone";
			};
			name = Debug;
		};
		76920A2B2242660100C866CB /* Release */ = {
			isa = XCBuildConfiguration;
			buildSettings = {
				ALWAYS_SEARCH_USER_PATHS = NO;
				CLANG_ANALYZER_NONNULL = YES;
				CLANG_ANALYZER_NUMBER_OBJECT_CONVERSION = YES_AGGRESSIVE;
				CLANG_CXX_LANGUAGE_STANDARD = "gnu++14";
				CLANG_CXX_LIBRARY = "libc++";
				CLANG_ENABLE_MODULES = YES;
				CLANG_ENABLE_OBJC_ARC = YES;
				CLANG_ENABLE_OBJC_WEAK = YES;
				CLANG_WARN_BLOCK_CAPTURE_AUTORELEASING = YES;
				CLANG_WARN_BOOL_CONVERSION = YES;
				CLANG_WARN_COMMA = YES;
				CLANG_WARN_CONSTANT_CONVERSION = YES;
				CLANG_WARN_DEPRECATED_OBJC_IMPLEMENTATIONS = YES;
				CLANG_WARN_DIRECT_OBJC_ISA_USAGE = YES_ERROR;
				CLANG_WARN_DOCUMENTATION_COMMENTS = YES;
				CLANG_WARN_EMPTY_BODY = YES;
				CLANG_WARN_ENUM_CONVERSION = YES;
				CLANG_WARN_INFINITE_RECURSION = YES;
				CLANG_WARN_INT_CONVERSION = YES;
				CLANG_WARN_NON_LITERAL_NULL_CONVERSION = YES;
				CLANG_WARN_OBJC_IMPLICIT_RETAIN_SELF = YES;
				CLANG_WARN_OBJC_LITERAL_CONVERSION = YES;
				CLANG_WARN_OBJC_ROOT_CLASS = YES_ERROR;
				CLANG_WARN_RANGE_LOOP_ANALYSIS = YES;
				CLANG_WARN_STRICT_PROTOTYPES = YES;
				CLANG_WARN_SUSPICIOUS_MOVE = YES;
				CLANG_WARN_UNGUARDED_AVAILABILITY = YES_AGGRESSIVE;
				CLANG_WARN_UNREACHABLE_CODE = YES;
				CLANG_WARN__DUPLICATE_METHOD_MATCH = YES;
				CODE_SIGN_IDENTITY = "iPhone Developer";
				COPY_PHASE_STRIP = NO;
				DEBUG_INFORMATION_FORMAT = "dwarf-with-dsym";
				ENABLE_NS_ASSERTIONS = NO;
				ENABLE_STRICT_OBJC_MSGSEND = YES;
				GCC_C_LANGUAGE_STANDARD = gnu11;
				GCC_NO_COMMON_BLOCKS = YES;
				GCC_WARN_64_TO_32_BIT_CONVERSION = YES;
				GCC_WARN_ABOUT_RETURN_TYPE = YES_ERROR;
				GCC_WARN_UNDECLARED_SELECTOR = YES;
				GCC_WARN_UNINITIALIZED_AUTOS = YES_AGGRESSIVE;
				GCC_WARN_UNUSED_FUNCTION = YES;
				GCC_WARN_UNUSED_VARIABLE = YES;
				IPHONEOS_DEPLOYMENT_TARGET = 12.1;
				MTL_ENABLE_DEBUG_INFO = NO;
				MTL_FAST_MATH = YES;
				SDKROOT = iphoneos;
				SWIFT_COMPILATION_MODE = wholemodule;
				SWIFT_OPTIMIZATION_LEVEL = "-O";
				VALIDATE_PRODUCT = YES;
			};
			name = Release;
		};
		76920A2D2242660100C866CB /* Debug */ = {
			isa = XCBuildConfiguration;
			buildSettings = {
				ASSETCATALOG_COMPILER_APPICON_NAME = AppIcon;
				CODE_SIGN_STYLE = Automatic;
				DEVELOPMENT_TEAM = 55CQ7XM2HV;
				INFOPLIST_FILE = MyDebts/Info.plist;
				LD_RUNPATH_SEARCH_PATHS = (
					"$(inherited)",
					"@executable_path/Frameworks",
				);
				PRODUCT_BUNDLE_IDENTIFIER = com.tarastansky.MyDebts;
				PRODUCT_NAME = "$(TARGET_NAME)";
				SWIFT_VERSION = 4.2;
				TARGETED_DEVICE_FAMILY = 1;
			};
			name = Debug;
		};
		76920A2E2242660100C866CB /* Release */ = {
			isa = XCBuildConfiguration;
			buildSettings = {
				ASSETCATALOG_COMPILER_APPICON_NAME = AppIcon;
				CODE_SIGN_STYLE = Automatic;
				DEVELOPMENT_TEAM = 55CQ7XM2HV;
				INFOPLIST_FILE = MyDebts/Info.plist;
				LD_RUNPATH_SEARCH_PATHS = (
					"$(inherited)",
					"@executable_path/Frameworks",
				);
				PRODUCT_BUNDLE_IDENTIFIER = com.tarastansky.MyDebts;
				PRODUCT_NAME = "$(TARGET_NAME)";
				SWIFT_VERSION = 4.2;
				TARGETED_DEVICE_FAMILY = 1;
			};
			name = Release;
		};
/* End XCBuildConfiguration section */

/* Begin XCConfigurationList section */
		76920A122242660000C866CB /* Build configuration list for PBXProject "MyDebts" */ = {
			isa = XCConfigurationList;
			buildConfigurations = (
				76920A2A2242660100C866CB /* Debug */,
				76920A2B2242660100C866CB /* Release */,
			);
			defaultConfigurationIsVisible = 0;
			defaultConfigurationName = Release;
		};
		76920A2C2242660100C866CB /* Build configuration list for PBXNativeTarget "MyDebts" */ = {
			isa = XCConfigurationList;
			buildConfigurations = (
				76920A2D2242660100C866CB /* Debug */,
				76920A2E2242660100C866CB /* Release */,
			);
			defaultConfigurationIsVisible = 0;
			defaultConfigurationName = Release;
		};
/* End XCConfigurationList section */

/* Begin XCVersionGroup section */
		76920A212242660000C866CB /* MyDebts.xcdatamodeld */ = {
			isa = XCVersionGroup;
			children = (
				76920A222242660000C866CB /* MyDebts.xcdatamodel */,
			);
			currentVersion = 76920A222242660000C866CB /* MyDebts.xcdatamodel */;
			path = MyDebts.xcdatamodeld;
			sourceTree = "<group>";
			versionGroupType = wrapper.xcdatamodel;
		};
/* End XCVersionGroup section */
	};
	rootObject = 76920A0F2242660000C866CB /* Project object */;
}
